{
  "name": "algolia-document-sync",
  "version": "1.0.0",
  "lockfileVersion": 3,
  "requires": true,
  "packages": {
    "": {
      "name": "algolia-document-sync",
      "version": "1.0.0",
      "license": "ISC",
      "dependencies": {
        "@sanity/asset-utils": "^2.3.0",
        "@sanity/functions": "^1.1.0",
        "algoliasearch": "^5.42.0"
      }
    },
    "node_modules/@algolia/abtesting": {
      "version": "1.8.0",
      "resolved": "https://registry.npmjs.org/@algolia/abtesting/-/abtesting-1.8.0.tgz",
      "integrity": "sha512-Hb4BkGNnvgCj3F9XzqjiFTpA5IGkjOXwGAOV13qtc27l2qNF8X9rzSp1H5hu8XewlC0DzYtQtZZIOYzRZDyuXg==",
      "license": "MIT",
      "dependencies": {
        "@algolia/client-common": "5.42.0",
        "@algolia/requester-browser-xhr": "5.42.0",
        "@algolia/requester-fetch": "5.42.0",
        "@algolia/requester-node-http": "5.42.0"
      },
      "engines": {
        "node": ">= 14.0.0"
      }
    },
    "node_modules/@algolia/client-abtesting": {
      "version": "5.42.0",
      "resolved": "https://registry.npmjs.org/@algolia/client-abtesting/-/client-abtesting-5.42.0.tgz",
      "integrity": "sha512-JLyyG7bb7XOda+w/sp8ch7rEVy6LnWs3qtxr6VJJ2XIINqGsY6U+0L3aJ6QFliBRNUeEAr2QBDxSm8u9Sal5uA==",
      "license": "MIT",
      "dependencies": {
        "@algolia/client-common": "5.42.0",
        "@algolia/requester-browser-xhr": "5.42.0",
        "@algolia/requester-fetch": "5.42.0",
        "@algolia/requester-node-http": "5.42.0"
      },
      "engines": {
        "node": ">= 14.0.0"
      }
    },
    "node_modules/@algolia/client-analytics": {
      "version": "5.42.0",
      "resolved": "https://registry.npmjs.org/@algolia/client-analytics/-/client-analytics-5.42.0.tgz",
      "integrity": "sha512-SkCrvtZpdSWjNq9NGu/TtOg4TbzRuUToXlQqV6lLePa2s/WQlEyFw7QYjrz4itprWG9ASuH+StDlq7n49F2sBA==",
      "license": "MIT",
      "dependencies": {
        "@algolia/client-common": "5.42.0",
        "@algolia/requester-browser-xhr": "5.42.0",
        "@algolia/requester-fetch": "5.42.0",
        "@algolia/requester-node-http": "5.42.0"
      },
      "engines": {
        "node": ">= 14.0.0"
      }
    },
    "node_modules/@algolia/client-common": {
      "version": "5.42.0",
      "resolved": "https://registry.npmjs.org/@algolia/client-common/-/client-common-5.42.0.tgz",
      "integrity": "sha512-6iiFbm2tRn6B2OqFv9XDTcw5LdWPudiJWIbRk+fsTX+hkPrPm4e1/SbU+lEYBciPoaTShLkDbRge4UePEyCPMQ==",
      "license": "MIT",
      "engines": {
        "node": ">= 14.0.0"
      }
    },
    "node_modules/@algolia/client-insights": {
      "version": "5.42.0",
      "resolved": "https://registry.npmjs.org/@algolia/client-insights/-/client-insights-5.42.0.tgz",
      "integrity": "sha512-iEokmw2k6FBa8g/TT7ClyEriaP/FUEmz3iczRoCklEHWSgoABMkaeYrxRXrA2yx76AN+gyZoC8FX0iCJ55dsOg==",
      "license": "MIT",
      "dependencies": {
        "@algolia/client-common": "5.42.0",
        "@algolia/requester-browser-xhr": "5.42.0",
        "@algolia/requester-fetch": "5.42.0",
        "@algolia/requester-node-http": "5.42.0"
      },
      "engines": {
        "node": ">= 14.0.0"
      }
    },
    "node_modules/@algolia/client-personalization": {
      "version": "5.42.0",
      "resolved": "https://registry.npmjs.org/@algolia/client-personalization/-/client-personalization-5.42.0.tgz",
      "integrity": "sha512-ivVniRqX2ARd+jGvRHTxpWeOtO9VT+rK+OmiuRgkSunoTyxk0vjeDO7QkU7+lzBOXiYgakNjkZrBtIpW9c+muw==",
      "license": "MIT",
      "dependencies": {
        "@algolia/client-common": "5.42.0",
        "@algolia/requester-browser-xhr": "5.42.0",
        "@algolia/requester-fetch": "5.42.0",
        "@algolia/requester-node-http": "5.42.0"
      },
      "engines": {
        "node": ">= 14.0.0"
      }
    },
    "node_modules/@algolia/client-query-suggestions": {
      "version": "5.42.0",
      "resolved": "https://registry.npmjs.org/@algolia/client-query-suggestions/-/client-query-suggestions-5.42.0.tgz",
      "integrity": "sha512-9+BIw6rerUfA+eLMIS2lF4mgoeBGTCIHiqb35PLn3699Rm3CaJXz03hChdwAWcA6SwGw0haYXYJa7LF0xI6EpA==",
      "license": "MIT",
      "dependencies": {
        "@algolia/client-common": "5.42.0",
        "@algolia/requester-browser-xhr": "5.42.0",
        "@algolia/requester-fetch": "5.42.0",
        "@algolia/requester-node-http": "5.42.0"
      },
      "engines": {
        "node": ">= 14.0.0"
      }
    },
    "node_modules/@algolia/client-search": {
      "version": "5.42.0",
      "resolved": "https://registry.npmjs.org/@algolia/client-search/-/client-search-5.42.0.tgz",
      "integrity": "sha512-NZR7yyHj2WzK6D5X8gn+/KOxPdzYEXOqVdSaK/biU8QfYUpUuEA0sCWg/XlO05tPVEcJelF/oLrrNY3UjRbOww==",
      "license": "MIT",
      "dependencies": {
        "@algolia/client-common": "5.42.0",
        "@algolia/requester-browser-xhr": "5.42.0",
        "@algolia/requester-fetch": "5.42.0",
        "@algolia/requester-node-http": "5.42.0"
      },
      "engines": {
        "node": ">= 14.0.0"
      }
    },
    "node_modules/@algolia/ingestion": {
      "version": "1.42.0",
      "resolved": "https://registry.npmjs.org/@algolia/ingestion/-/ingestion-1.42.0.tgz",
      "integrity": "sha512-MBkjRymf4BT6VOvMpJlg6kq8K+PkH9q+N+K4YMNdzTXlL40YwOa1wIWQ5LxP/Jhlz64kW5g9/oaMWY06Sy9dcw==",
      "license": "MIT",
      "dependencies": {
        "@algolia/client-common": "5.42.0",
        "@algolia/requester-browser-xhr": "5.42.0",
        "@algolia/requester-fetch": "5.42.0",
        "@algolia/requester-node-http": "5.42.0"
      },
      "engines": {
        "node": ">= 14.0.0"
      }
    },
    "node_modules/@algolia/monitoring": {
      "version": "1.42.0",
      "resolved": "https://registry.npmjs.org/@algolia/monitoring/-/monitoring-1.42.0.tgz",
      "integrity": "sha512-kmLs7YfjT4cpr4FnhhRmnoSX4psh9KYZ9NAiWt/YcUV33m0B/Os5L4QId30zVXkOqAPAEpV5VbDPWep+/aoJdQ==",
      "license": "MIT",
      "dependencies": {
        "@algolia/client-common": "5.42.0",
        "@algolia/requester-browser-xhr": "5.42.0",
        "@algolia/requester-fetch": "5.42.0",
        "@algolia/requester-node-http": "5.42.0"
      },
      "engines": {
        "node": ">= 14.0.0"
      }
    },
    "node_modules/@algolia/recommend": {
      "version": "5.42.0",
      "resolved": "https://registry.npmjs.org/@algolia/recommend/-/recommend-5.42.0.tgz",
      "integrity": "sha512-U5yZ8+Jj+A4ZC0IMfElpPcddQ9NCoawD1dKyWmjHP49nzN2Z4284IFVMAJWR6fq/0ddGf4OMjjYO9cnF8L+5tw==",
      "license": "MIT",
      "dependencies": {
        "@algolia/client-common": "5.42.0",
        "@algolia/requester-browser-xhr": "5.42.0",
        "@algolia/requester-fetch": "5.42.0",
        "@algolia/requester-node-http": "5.42.0"
      },
      "engines": {
        "node": ">= 14.0.0"
      }
    },
    "node_modules/@algolia/requester-browser-xhr": {
      "version": "5.42.0",
      "resolved": "https://registry.npmjs.org/@algolia/requester-browser-xhr/-/requester-browser-xhr-5.42.0.tgz",
      "integrity": "sha512-EbuxgteaYBlKgc2Fs3JzoPIKAIaevAIwmv1F+fakaEXeibG4pkmVNsyTUjpOZIgJ1kXeqNvDrcjRb6g3vYBJ9A==",
      "license": "MIT",
      "dependencies": {
        "@algolia/client-common": "5.42.0"
      },
      "engines": {
        "node": ">= 14.0.0"
      }
    },
    "node_modules/@algolia/requester-fetch": {
      "version": "5.42.0",
      "resolved": "https://registry.npmjs.org/@algolia/requester-fetch/-/requester-fetch-5.42.0.tgz",
      "integrity": "sha512-4vnFvY5Q8QZL9eDNkywFLsk/eQCRBXCBpE8HWs8iUsFNHYoamiOxAeYMin0W/nszQj6abc+jNxMChHmejO+ftQ==",
      "license": "MIT",
      "dependencies": {
        "@algolia/client-common": "5.42.0"
      },
      "engines": {
        "node": ">= 14.0.0"
      }
    },
    "node_modules/@algolia/requester-node-http": {
      "version": "5.42.0",
      "resolved": "https://registry.npmjs.org/@algolia/requester-node-http/-/requester-node-http-5.42.0.tgz",
      "integrity": "sha512-gkLNpU+b1pCIwk1hKTJz2NWQPT8gsfGhQasnZ5QVv4jd79fKRL/1ikd86P0AzuIQs9tbbhlMwxsSTyJmlq502w==",
      "license": "MIT",
      "dependencies": {
        "@algolia/client-common": "5.42.0"
      },
      "engines": {
        "node": ">= 14.0.0"
      }
    },
    "node_modules/@sanity/asset-utils": {
      "version": "2.3.0",
      "resolved": "https://registry.npmjs.org/@sanity/asset-utils/-/asset-utils-2.3.0.tgz",
      "integrity": "sha512-dlEmALjQ5iyQG0O8ZVmkkE3wUYCKfRmiyMvuuGN5SF9buAHxmseBOKJ/Iy2DU/8ef70mtUXlzeCRSlTN/nmZsg==",
      "license": "MIT",
      "engines": {
        "node": ">=18"
      }
    },
    "node_modules/@sanity/functions": {
      "version": "1.1.0",
      "resolved": "https://registry.npmjs.org/@sanity/functions/-/functions-1.1.0.tgz",
      "integrity": "sha512-JLDjuxuCO043Jc6aqtDPyHly6bZl9XqkF3gnIO/ViL43UK32g9z3krmqcJRHYBrLVg+bm6WjActQv8ZfZPmXHw==",
      "license": "MIT",
      "engines": {
        "node": ">=20"
      }
    },
    "node_modules/algoliasearch": {
      "version": "5.42.0",
      "resolved": "https://registry.npmjs.org/algoliasearch/-/algoliasearch-5.42.0.tgz",
      "integrity": "sha512-X5+PtWc9EJIPafT/cj8ZG+6IU3cjRRnlHGtqMHK/9gsiupQbAyYlH5y7qt/FtsAhfX5AICHffZy69ZAsVrxWkQ==",
      "license": "MIT",
      "dependencies": {
        "@algolia/abtesting": "1.8.0",
        "@algolia/client-abtesting": "5.42.0",
        "@algolia/client-analytics": "5.42.0",
        "@algolia/client-common": "5.42.0",
        "@algolia/client-insights": "5.42.0",
        "@algolia/client-personalization": "5.42.0",
        "@algolia/client-query-suggestions": "5.42.0",
        "@algolia/client-search": "5.42.0",
        "@algolia/ingestion": "1.42.0",
        "@algolia/monitoring": "1.42.0",
        "@algolia/recommend": "5.42.0",
        "@algolia/requester-browser-xhr": "5.42.0",
        "@algolia/requester-fetch": "5.42.0",
        "@algolia/requester-node-http": "5.42.0"
      },
      "engines": {
        "node": ">= 14.0.0"
      }
    }
  }
}
